
Microsoft Visual Studio Solution File, Format Version 12.00
# Visual Studio Version 17
VisualStudioVersion = 17.13.35919.96 d17.13
MinimumVisualStudioVersion = 10.0.40219.1
Project("{FAE04EC0-301F-11D3-BF4B-00C04F79EFBC}") = "SchoolManagementSystem", "SchoolManagementSystem\SchoolManagementSystem.csproj", "{5D6D9D64-51C7-49F4-8AEC-E251CFFDF53F}"
EndProject
Global
	GlobalSection(SolutionConfigurationPlatforms) = preSolution
		Debug|Any CPU = Debug|Any CPU
		Release|Any CPU = Release|Any CPU
	EndGlobalSection
	GlobalSection(ProjectConfigurationPlatforms) = postSolution
		{5D6D9D64-51C7-49F4-8AEC-E251CFFDF53F}.Debug|Any CPU.ActiveCfg = Debug|Any CPU
		{5D6D9D64-51C7-49F4-8AEC-E251CFFDF53F}.Debug|Any CPU.Build.0 = Debug|Any CPU
		{5D6D9D64-51C7-49F4-8AEC-E251CFFDF53F}.Release|Any CPU.ActiveCfg = Release|Any CPU
		{5D6D9D64-51C7-49F4-8AEC-E251CFFDF53F}.Release|Any CPU.Build.0 = Release|Any CPU
	EndGlobalSection
	GlobalSection(SolutionProperties) = preSolution
		HideSolutionNode = FALSE
	EndGlobalSection
	GlobalSection(ExtensibilityGlobals) = postSolution
		SolutionGuid = {54832ED2-2DBD-47DA-8E7E-BEA5179B0BB7}
	EndGlobalSection
EndGlobal
